
Microsoft Visual Studio Solution File, Format Version 12.00
# Visual Studio Version 16
VisualStudioVersion = 16.0.30503.244
MinimumVisualStudioVersion = 10.0.40219.1
Project("{9A19103F-16F7-4668-BE54-9A1E7A4F7556}") = "AnonQ", "AnonQ\AnonQ.csproj", "{4F47E335-9603-4C26-A809-C5924601168C}"
EndProject
Project("{9A19103F-16F7-4668-BE54-9A1E7A4F7556}") = "AnonQTests", "AnonQTests\AnonQTests.csproj", "{DB333B44-27EB-49D2-9369-8E025C0662D3}"
EndProject
Project("{FAE04EC0-301F-11D3-BF4B-00C04F79EFBC}") = "AnonQJobs", "AnonQJobs\AnonQJobs.csproj", "{AEC98F8F-9825-46B9-9CB7-DC1BA9437AF6}"
EndProject
Global
	GlobalSection(SolutionConfigurationPlatforms) = preSolution
		Debug|Any CPU = Debug|Any CPU
		Release|Any CPU = Release|Any CPU
	EndGlobalSection
	GlobalSection(ProjectConfigurationPlatforms) = postSolution
		{4F47E335-9603-4C26-A809-C5924601168C}.Debug|Any CPU.ActiveCfg = Debug|Any CPU
		{4F47E335-9603-4C26-A809-C5924601168C}.Debug|Any CPU.Build.0 = Debug|Any CPU
		{4F47E335-9603-4C26-A809-C5924601168C}.Release|Any CPU.ActiveCfg = Release|Any CPU
		{4F47E335-9603-4C26-A809-C5924601168C}.Release|Any CPU.Build.0 = Release|Any CPU
		{DB333B44-27EB-49D2-9369-8E025C0662D3}.Debug|Any CPU.ActiveCfg = Debug|Any CPU
		{DB333B44-27EB-49D2-9369-8E025C0662D3}.Debug|Any CPU.Build.0 = Debug|Any CPU
		{DB333B44-27EB-49D2-9369-8E025C0662D3}.Release|Any CPU.ActiveCfg = Release|Any CPU
		{DB333B44-27EB-49D2-9369-8E025C0662D3}.Release|Any CPU.Build.0 = Release|Any CPU
		{AEC98F8F-9825-46B9-9CB7-DC1BA9437AF6}.Debug|Any CPU.ActiveCfg = Debug|Any CPU
		{AEC98F8F-9825-46B9-9CB7-DC1BA9437AF6}.Debug|Any CPU.Build.0 = Debug|Any CPU
		{AEC98F8F-9825-46B9-9CB7-DC1BA9437AF6}.Release|Any CPU.ActiveCfg = Release|Any CPU
		{AEC98F8F-9825-46B9-9CB7-DC1BA9437AF6}.Release|Any CPU.Build.0 = Release|Any CPU
	EndGlobalSection
	GlobalSection(SolutionProperties) = preSolution
		HideSolutionNode = FALSE
	EndGlobalSection
	GlobalSection(ExtensibilityGlobals) = postSolution
		SolutionGuid = {32CDCE0E-BAB2-4D3F-95CC-DFE5567C6A39}
	EndGlobalSection
EndGlobal
